Microsoft Visual Studio Solution File, Format Version 12.00
# Visual Studio Version 17
VisualStudioVersion = 17.5.2.0
MinimumVisualStudioVersion = 10.0.40219.1
Project("{FAE04EC0-301F-11D3-BF4B-00C04F79EFBC}") = "EcommerceAPI", "EcommerceAPI\EcommerceAPI.csproj", "{AFF49090-42E7-A6CA-7333-88E768461EA8}"
EndProject
Global
	GlobalSection(SolutionConfigurationPlatforms) = preSolution
		Debug|Any CPU = Debug|Any CPU
		Release|Any CPU = Release|Any CPU
	EndGlobalSection
	GlobalSection(ProjectConfigurationPlatforms) = postSolution
		{AFF49090-42E7-A6CA-7333-88E768461EA8}.Debug|Any CPU.ActiveCfg = Debug|Any CPU
		{AFF49090-42E7-A6CA-7333-88E768461EA8}.Debug|Any CPU.Build.0 = Debug|Any CPU
		{AFF49090-42E7-A6CA-7333-88E768461EA8}.Release|Any CPU.ActiveCfg = Release|Any CPU
		{AFF49090-42E7-A6CA-7333-88E768461EA8}.Release|Any CPU.Build.0 = Release|Any CPU
	EndGlobalSection
	GlobalSection(SolutionProperties) = preSolution
		HideSolutionNode = FALSE
	EndGlobalSection
	GlobalSection(ExtensibilityGlobals) = postSolution
		SolutionGuid = {98290FF1-D680-4B59-A9A4-972AE1B0FCF8}
	EndGlobalSection
EndGlobal
